
Microsoft Visual Studio Solution File, Format Version 12.00
# Visual Studio Version 17
VisualStudioVersion = 17.14.36811.4
MinimumVisualStudioVersion = 10.0.40219.1
Project("{FAE04EC0-301F-11D3-BF4B-00C04F79EFBC}") = "iLearn.API", "iLearn.API\iLearn.API.csproj", "{064849FF-33D5-438C-A211-072F31AAD9AC}"
EndProject
Project("{FAE04EC0-301F-11D3-BF4B-00C04F79EFBC}") = "iLearn.Domain", "iLearn.Domain\iLearn.Domain.csproj", "{38035A29-D1AC-41C2-BBF3-6CECD0C5EFA4}"
EndProject
Project("{FAE04EC0-301F-11D3-BF4B-00C04F79EFBC}") = "iLearn.Application", "iLearn.Application\iLearn.Application.csproj", "{3C7BB623-E331-4B7F-950C-A105286908C7}"
EndProject
Project("{FAE04EC0-301F-11D3-BF4B-00C04F79EFBC}") = "iLearn.Infrastructure", "iLearn.Infrastructure\iLearn.Infrastructure.csproj", "{0B4416EA-EE35-4C47-A872-B37E4483AA8E}"
EndProject
Project("{2150E333-8FDC-42A3-9474-1A3956D46DE8}") = "DevExtreme NuGet.config", "DevExtreme NuGet.config", "{02EA681E-C7D8-13C7-8484-4AC65E1B71E8}"
	ProjectSection(SolutionItems) = preProject
		NuGet.config = NuGet.config
	EndProjectSection
EndProject
Project("{2150E333-8FDC-42A3-9474-1A3956D46DE8}") = "Back-end", "Back-end", "{E3D71C07-1DE1-4060-B98F-D91F07441F0F}"
EndProject
Project("{2150E333-8FDC-42A3-9474-1A3956D46DE8}") = "Front-end", "Front-end", "{38D33753-5E75-4943-97BC-0D3FA0F6013F}"
EndProject
Project("{FAE04EC0-301F-11D3-BF4B-00C04F79EFBC}") = "iLearn.Admin", "iLearn.Admin\iLearn.Admin.csproj", "{0533B96D-A15C-409F-BBD8-872C95041AE8}"
EndProject
Global
	GlobalSection(SolutionConfigurationPlatforms) = preSolution
		Debug|Any CPU = Debug|Any CPU
		Release|Any CPU = Release|Any CPU
	EndGlobalSection
	GlobalSection(ProjectConfigurationPlatforms) = postSolution
		{064849FF-33D5-438C-A211-072F31AAD9AC}.Debug|Any CPU.ActiveCfg = Debug|Any CPU
		{064849FF-33D5-438C-A211-072F31AAD9AC}.Debug|Any CPU.Build.0 = Debug|Any CPU
		{064849FF-33D5-438C-A211-072F31AAD9AC}.Release|Any CPU.ActiveCfg = Release|Any CPU
		{064849FF-33D5-438C-A211-072F31AAD9AC}.Release|Any CPU.Build.0 = Release|Any CPU
		{38035A29-D1AC-41C2-BBF3-6CECD0C5EFA4}.Debug|Any CPU.ActiveCfg = Debug|Any CPU
		{38035A29-D1AC-41C2-BBF3-6CECD0C5EFA4}.Debug|Any CPU.Build.0 = Debug|Any CPU
		{38035A29-D1AC-41C2-BBF3-6CECD0C5EFA4}.Release|Any CPU.ActiveCfg = Release|Any CPU
		{38035A29-D1AC-41C2-BBF3-6CECD0C5EFA4}.Release|Any CPU.Build.0 = Release|Any CPU
		{3C7BB623-E331-4B7F-950C-A105286908C7}.Debug|Any CPU.ActiveCfg = Debug|Any CPU
		{3C7BB623-E331-4B7F-950C-A105286908C7}.Debug|Any CPU.Build.0 = Debug|Any CPU
		{3C7BB623-E331-4B7F-950C-A105286908C7}.Release|Any CPU.ActiveCfg = Release|Any CPU
		{3C7BB623-E331-4B7F-950C-A105286908C7}.Release|Any CPU.Build.0 = Release|Any CPU
		{0B4416EA-EE35-4C47-A872-B37E4483AA8E}.Debug|Any CPU.ActiveCfg = Debug|Any CPU
		{0B4416EA-EE35-4C47-A872-B37E4483AA8E}.Debug|Any CPU.Build.0 = Debug|Any CPU
		{0B4416EA-EE35-4C47-A872-B37E4483AA8E}.Release|Any CPU.ActiveCfg = Release|Any CPU
		{0B4416EA-EE35-4C47-A872-B37E4483AA8E}.Release|Any CPU.Build.0 = Release|Any CPU
		{0533B96D-A15C-409F-BBD8-872C95041AE8}.Debug|Any CPU.ActiveCfg = Debug|Any CPU
		{0533B96D-A15C-409F-BBD8-872C95041AE8}.Debug|Any CPU.Build.0 = Debug|Any CPU
		{0533B96D-A15C-409F-BBD8-872C95041AE8}.Release|Any CPU.ActiveCfg = Release|Any CPU
		{0533B96D-A15C-409F-BBD8-872C95041AE8}.Release|Any CPU.Build.0 = Release|Any CPU
	EndGlobalSection
	GlobalSection(SolutionProperties) = preSolution
		HideSolutionNode = FALSE
	EndGlobalSection
	GlobalSection(NestedProjects) = preSolution
		{064849FF-33D5-438C-A211-072F31AAD9AC} = {E3D71C07-1DE1-4060-B98F-D91F07441F0F}
		{38035A29-D1AC-41C2-BBF3-6CECD0C5EFA4} = {E3D71C07-1DE1-4060-B98F-D91F07441F0F}
		{3C7BB623-E331-4B7F-950C-A105286908C7} = {E3D71C07-1DE1-4060-B98F-D91F07441F0F}
		{0B4416EA-EE35-4C47-A872-B37E4483AA8E} = {E3D71C07-1DE1-4060-B98F-D91F07441F0F}
		{0533B96D-A15C-409F-BBD8-872C95041AE8} = {38D33753-5E75-4943-97BC-0D3FA0F6013F}
	EndGlobalSection
	GlobalSection(ExtensibilityGlobals) = postSolution
		SolutionGuid = {E80694A2-F5BC-4EB4-BEB3-C390583BA57D}
	EndGlobalSection
EndGlobal
